<?xml version="1.0" encoding="utf-8"?>
<Project ToolsVersion="4.0" xmlns="http://schemas.microsoft.com/developer/msbuild/2003">
  <ItemGroup>
    <Filter Include="Source Files">
      <UniqueIdentifier>{4FC737F1-C7A5-4376-A066-2A32D752A2FF}</UniqueIdentifier>
      <Extensions>cpp;c;cc;cxx;def;odl;idl;hpj;bat;asm;asmx</Extensions>
    </Filter>
    <Filter Include="Header Files">
      <UniqueIdentifier>{93995380-89BD-4b04-88EB-625FBE52EBFB}</UniqueIdentifier>
      <Extensions>h;hh;hpp;hxx;hm;inl;inc;ipp;xsd</Extensions>
    </Filter>
    <Filter Include="Resource Files">
      <UniqueIdentifier>{67DA6AB6-F800-4c08-8B7A-83BB121AAD01}</UniqueIdentifier>
      <Extensions>rc;ico;cur;bmp;dlg;rc2;rct;bin;rgs;gif;jpg;jpeg;jpe;resx;tiff;tif;png;wav;mfcribbon-ms</Extensions>
    </Filter>
    <Filter Include="Source Files\Camera">
      <UniqueIdentifier>{3485dcfc-33ba-4336-8a6a-f1501e79b484}</UniqueIdentifier>
    </Filter>
    <Filter Include="Source Files\Population">
      <UniqueIdentifier>{ff230c0b-72af-42c4-9bc2-552fb6bdc8cb}</UniqueIdentifier>
    </Filter>
    <Filter Include="Source Files\Population\Entities">
      <UniqueIdentifier>{b4ba0581-3da9-4e9b-9503-ca23fe7a462c}</UniqueIdentifier>
    </Filter>
  </ItemGroup>
  <ItemGroup>
    <ClCompile Include="sfmlCity.cpp">
      <Filter>Source Files</Filter>
    </ClCompile>
    <ClCompile Include="City.cpp">
      <Filter>Source Files</Filter>
    </ClCompile>
    <ClCompile Include="tileMap.cpp">
      <Filter>Source Files</Filter>
    </ClCompile>
    <ClCompile Include="Camera.cpp">
      <Filter>Source Files\Camera</Filter>
    </ClCompile>
    <ClCompile Include="Entity.cpp">
      <Filter>Source Files\Population\Entities</Filter>
    </ClCompile>
    <ClCompile Include="Population.cpp">
      <Filter>Source Files\Population</Filter>
    </ClCompile>
    <ClCompile Include="Person.cpp">
      <Filter>Source Files\Population\Entities</Filter>
    </ClCompile>
  </ItemGroup>
  <ItemGroup>
    <ClInclude Include="City.h">
      <Filter>Header Files</Filter>
    </ClInclude>
    <ClInclude Include="tileMap.h">
      <Filter>Header Files</Filter>
    </ClInclude>
    <ClInclude Include="Camera.h">
      <Filter>Source Files\Camera</Filter>
    </ClInclude>
    <ClInclude Include="Entity.h">
      <Filter>Source Files\Population\Entities</Filter>
    </ClInclude>
    <ClInclude Include="Population.h">
      <Filter>Source Files\Population</Filter>
    </ClInclude>
    <ClInclude Include="Person.h">
      <Filter>Source Files\Population\Entities</Filter>
    </ClInclude>
  </ItemGroup>
</Project>