<?xml version="1.0" encoding="utf-8"?>
<Project ToolsVersion="4.0" xmlns="http://schemas.microsoft.com/developer/msbuild/2003">
  <ItemGroup>
    <Filter Include="Source Files">
      <UniqueIdentifier>{4FC737F1-C7A5-4376-A066-2A32D752A2FF}</UniqueIdentifier>
      <Extensions>cpp;c;cc;cxx;def;odl;idl;hpj;bat;asm;asmx</Extensions>
    </Filter>
    <Filter Include="Header Files">
      <UniqueIdentifier>{93995380-89BD-4b04-88EB-625FBE52EBFB}</UniqueIdentifier>
      <Extensions>h;hh;hpp;hxx;hm;inl;inc;ipp;xsd</Extensions>
      <SourceControlFiles>False</SourceControlFiles>
    </Filter>
    <Filter Include="Resource Files">
      <UniqueIdentifier>{67DA6AB6-F800-4c08-8B7A-83BB121AAD01}</UniqueIdentifier>
      <Extensions>rc;ico;cur;bmp;dlg;rc2;rct;bin;rgs;gif;jpg;jpeg;jpe;resx;tiff;tif;png;wav;mfcribbon-ms</Extensions>
    </Filter>
    <Filter Include="Source Files\Camera">
      <UniqueIdentifier>{3485dcfc-33ba-4336-8a6a-f1501e79b484}</UniqueIdentifier>
    </Filter>
    <Filter Include="Source Files\Population">
      <UniqueIdentifier>{ff230c0b-72af-42c4-9bc2-552fb6bdc8cb}</UniqueIdentifier>
    </Filter>
    <Filter Include="Source Files\Population\Entities">
      <UniqueIdentifier>{b4ba0581-3da9-4e9b-9503-ca23fe7a462c}</UniqueIdentifier>
    </Filter>
    <Filter Include="Source Files\Population\Entities\Components">
      <UniqueIdentifier>{e00b32cf-6a6c-4891-90b6-1d1f801591ad}</UniqueIdentifier>
    </Filter>
    <Filter Include="Source Files\TileMap">
      <UniqueIdentifier>{1c5246fc-eaaa-4203-b095-680f2c67b01b}</UniqueIdentifier>
    </Filter>
    <Filter Include="Source Files\TileMap\Tiles">
      <UniqueIdentifier>{b5ffa96c-e095-4786-8c72-bbfd840857df}</UniqueIdentifier>
    </Filter>
    <Filter Include="Source Files\GUI">
      <UniqueIdentifier>{fd7378da-3d60-44ba-b64d-f7de7d300a78}</UniqueIdentifier>
    </Filter>
    <Filter Include="Source Files\GUI\GuiTypes">
      <UniqueIdentifier>{43f45866-f885-4e57-89ae-91f29867f6e5}</UniqueIdentifier>
    </Filter>
    <Filter Include="Source Files\Modes">
      <UniqueIdentifier>{f588176a-c6f2-4400-bef0-258f6ac1600a}</UniqueIdentifier>
    </Filter>
  </ItemGroup>
  <ItemGroup>
    <ClCompile Include="sfmlCity.cpp">
      <Filter>Source Files</Filter>
    </ClCompile>
    <ClCompile Include="City.cpp">
      <Filter>Source Files</Filter>
    </ClCompile>
    <ClCompile Include="tileMap.cpp">
      <Filter>Source Files</Filter>
    </ClCompile>
    <ClCompile Include="Camera.cpp">
      <Filter>Source Files\Camera</Filter>
    </ClCompile>
    <ClCompile Include="Entity.cpp">
      <Filter>Source Files\Population\Entities</Filter>
    </ClCompile>
    <ClCompile Include="Population.cpp">
      <Filter>Source Files\Population</Filter>
    </ClCompile>
    <ClCompile Include="Person.cpp">
      <Filter>Source Files\Population\Entities</Filter>
    </ClCompile>
    <ClCompile Include="MovementComponent.cpp">
      <Filter>Source Files\Population\Entities\Components</Filter>
    </ClCompile>
    <ClCompile Include="AnimationComponent.cpp">
      <Filter>Source Files\Population\Entities\Components</Filter>
    </ClCompile>
    <ClCompile Include="HitBoxComponent.cpp">
      <Filter>Source Files\Population\Entities\Components</Filter>
    </ClCompile>
    <ClCompile Include="Tile.cpp">
      <Filter>Source Files\TileMap\Tiles</Filter>
    </ClCompile>
    <ClCompile Include="RegularTile.cpp">
      <Filter>Source Files\TileMap\Tiles</Filter>
    </ClCompile>
    <ClCompile Include="TileMapLevel.cpp">
      <Filter>Source Files\TileMap</Filter>
    </ClCompile>
    <ClCompile Include="Gui.cpp">
      <Filter>Source Files\GUI\GuiTypes</Filter>
    </ClCompile>
    <ClCompile Include="EditorGui.cpp">
      <Filter>Source Files\GUI\GuiTypes</Filter>
    </ClCompile>
    <ClCompile Include="Mode.cpp">
      <Filter>Source Files\Modes</Filter>
    </ClCompile>
    <ClCompile Include="GameMode.cpp">
      <Filter>Source Files\Modes</Filter>
    </ClCompile>
    <ClCompile Include="EditorMode.cpp">
      <Filter>Source Files\Modes</Filter>
    </ClCompile>
  </ItemGroup>
  <ItemGroup>
    <ClInclude Include="Camera.h">
      <Filter>Source Files\Camera</Filter>
    </ClInclude>
    <ClInclude Include="Entity.h">
      <Filter>Source Files\Population\Entities</Filter>
    </ClInclude>
    <ClInclude Include="Population.h">
      <Filter>Source Files\Population</Filter>
    </ClInclude>
    <ClInclude Include="Person.h">
      <Filter>Source Files\Population\Entities</Filter>
    </ClInclude>
    <ClInclude Include="MovementComponent.h">
      <Filter>Source Files\Population\Entities\Components</Filter>
    </ClInclude>
    <ClInclude Include="AnimationComponent.h">
      <Filter>Source Files\Population\Entities\Components</Filter>
    </ClInclude>
    <ClInclude Include="HitBoxComponent.h">
      <Filter>Source Files\Population\Entities\Components</Filter>
    </ClInclude>
    <ClInclude Include="Tile.h">
      <Filter>Source Files\TileMap\Tiles</Filter>
    </ClInclude>
    <ClInclude Include="RegularTile.h">
      <Filter>Source Files\TileMap\Tiles</Filter>
    </ClInclude>
    <ClInclude Include="TileMapLevel.h">
      <Filter>Source Files\TileMap</Filter>
    </ClInclude>
    <ClInclude Include="Gui.h">
      <Filter>Source Files\GUI\GuiTypes</Filter>
    </ClInclude>
    <ClInclude Include="EditorGui.h">
      <Filter>Source Files\GUI\GuiTypes</Filter>
    </ClInclude>
    <ClInclude Include="Mode.h">
      <Filter>Source Files\Modes</Filter>
    </ClInclude>
    <ClInclude Include="GameMode.h">
      <Filter>Source Files\Modes</Filter>
    </ClInclude>
    <ClInclude Include="EditorMode.h">
      <Filter>Source Files\Modes</Filter>
    </ClInclude>
    <ClInclude Include="City.h">
      <Filter>Header Files</Filter>
    </ClInclude>
    <ClInclude Include="tileMap.h">
      <Filter>Header Files</Filter>
    </ClInclude>
  </ItemGroup>
</Project>